{
  "originHash" : "f866a9c8b922ffb955cb3f912073e0b061e87943a02dfcc71e3861e614707718",
  "pins" : [
    {
      "identity" : "capacitor-swift-pm",
      "kind" : "remoteSourceControl",
      "location" : "https://github.com/ionic-team/capacitor-swift-pm.git",
      "state" : {
        "revision" : "ac5dacb8f1f5abf4b8297b34cfc3860d3f9202df",
        "version" : "7.6.9"
      }
    }
  ],
  "version" : 3
}
